{
  "nodes": {
    "dank-qml-common": {
      "flake": false,
      "locked": {
        "lastModified": 1784074596,
        "narHash": "sha256-/rCqHgC39mHvBDxb/dZLWCQ3W4ev94y3/1KtCRSPDp8=",
        "owner": "AvengeMedia",
        "repo": "dank-qml-common",
        "rev": "b50afcf549f7e9c8f07c85b7f3fbba867701650d",
        "type": "github"
      },
      "original": {
        "owner": "AvengeMedia",
        "repo": "dank-qml-common",
        "type": "github"
      }
    },
    "dcal": {
      "inputs": {
        "dank-qml-common": "dank-qml-common",
        "nixpkgs": [
          "nixpkgs"
        ]
      },
      "locked": {
        "lastModified": 1787335306,
        "narHash": "sha256-v1jjjpz9YJQS9zQEpB+U8AybBoETdfg41AZTL9L9Y/g=",
        "owner": "avengemedia",
        "repo": "dankcalendar",
        "rev": "fe61f4e69e2178511711c3ac254539cd6d951a49",
        "type": "github"
      },
      "original": {
        "owner": "avengemedia",
        "repo": "dankcalendar",
        "type": "github"
      }
    },
    "flake-compat": {
      "locked": {
        "lastModified": 1767039857,
        "narHash": "sha256-vNpUSpF5Nuw8xvDLj2KCwwksIbjua2LZCqhV1LNRDns=",
        "owner": "edolstra",
        "repo": "flake-compat",
        "rev": "5edf11c44bc78a0d334f6334cdaf7d60d732daab",
        "type": "github"
      },
      "original": {
        "owner": "edolstra",
        "repo": "flake-compat",
        "type": "github"
      }
    },
    "flake-parts": {
      "inputs": {
        "nixpkgs-lib": "nixpkgs-lib"
      },
      "locked": {
        "lastModified": 1785627969,
        "narHash": "sha256-4dtXQk/NMePegK/nWp5NSeuZKLATItOq61lpEvmXqGw=",
        "owner": "hercules-ci",
        "repo": "flake-parts",
        "rev": "427bf4bd9435fdf21321c8cc628c24efc14c0f7a",
        "type": "github"
      },
      "original": {
        "owner": "hercules-ci",
        "repo": "flake-parts",
        "type": "github"
      }
    },
    "flake-utils": {
      "inputs": {
        "systems": "systems"
      },
      "locked": {
        "lastModified": 1731533236,
        "narHash": "sha256-l0KFg5HjrsfsO/JpG+r7fRrqm12kzFHyUHqHCVpMMbI=",
        "owner": "numtide",
        "repo": "flake-utils",
        "rev": "11707dc2f618dd54ca8739b309ec4fc024de578b",
        "type": "github"
      },
      "original": {
        "owner": "numtide",
        "repo": "flake-utils",
        "type": "github"
      }
    },
    "homebrew-cask": {
      "flake": false,
      "locked": {
        "lastModified": 1787419333,
        "narHash": "sha256-XjfpdrwwueJJu+Wc1TCliV357BVPy5+Kg/bJ6mmQuuQ=",
        "owner": "homebrew",
        "repo": "homebrew-cask",
        "rev": "9bc5aa4f4972f134aa7628453d3065e4f5301e19",
        "type": "github"
      },
      "original": {
        "owner": "homebrew",
        "repo": "homebrew-cask",
        "type": "github"
      }
    },
    "homebrew-core": {
      "flake": false,
      "locked": {
        "lastModified": 1787422693,
        "narHash": "sha256-pcnyJkg1Snww7R+u/CcJbwZez6pvoWiwnepdFaWp5wY=",
        "owner": "homebrew",
        "repo": "homebrew-core",
        "rev": "182efb201e31fb73f824fbd6116fefc95c1ad652",
        "type": "github"
      },
      "original": {
        "owner": "homebrew",
        "repo": "homebrew-core",
        "type": "github"
      }
    },
    "hs-paperwm": {
      "flake": false,
      "locked": {
        "lastModified": 1787063726,
        "narHash": "sha256-tbz2MJQZogdh643kMvfUI9XMTBhC2Mzd//nHChShkMQ=",
        "owner": "mogenson",
        "repo": "paperwm.spoon",
        "rev": "cb6dd31a392a0d79ed090befc03f05d0ad375bba",
        "type": "github"
      },
      "original": {
        "owner": "mogenson",
        "repo": "paperwm.spoon",
        "type": "github"
      }
    },
    "hs-spoons": {
      "flake": false,
      "locked": {
        "lastModified": 1773444505,
        "narHash": "sha256-LeMsmm/au7GbnETVAUNNABanjU1byXpYbzWG/5nT4sM=",
        "owner": "hammerspoon",
        "repo": "spoons",
        "rev": "5c20bcecc380acff5f0f5df7a718c5679aaaf62a",
        "type": "github"
      },
      "original": {
        "owner": "hammerspoon",
        "repo": "spoons",
        "type": "github"
      }
    },
    "import-tree": {
      "locked": {
        "lastModified": 1784254960,
        "narHash": "sha256-iI88R3wHz8wTKQb5orvpc51L/Xr64AJyxid/0MKa/b8=",
        "owner": "vic",
        "repo": "import-tree",
        "rev": "4ebb10ae17d5f1ad366e7aef5b92cb8eecf24f69",
        "type": "github"
      },
      "original": {
        "owner": "vic",
        "repo": "import-tree",
        "type": "github"
      }
    },
    "nixpkgs": {
      "locked": {
        "lastModified": 1787360063,
        "narHash": "sha256-dt4WdcvsA8/RCe+VZZwqU0X+XMM3wBbGCWA0/sFWzGo=",
        "owner": "nixos",
        "repo": "nixpkgs",
        "rev": "2c423e03bbafcff28bfadc6781a4a8257f205cb5",
        "type": "github"
      },
      "original": {
        "owner": "nixos",
        "ref": "nixos-unstable",
        "repo": "nixpkgs",
        "type": "github"
      }
    },
    "nixpkgs-lib": {
      "locked": {
        "lastModified": 1785031560,
        "narHash": "sha256-OmshNvn2vupOFpYinLUu+1Dnpu4n7Q5N3ggGVNHpkUI=",
        "owner": "nix-community",
        "repo": "nixpkgs.lib",
        "rev": "0e79af5e3d4dcfcd676ab5ba3f95d2e3352e078c",
        "type": "github"
      },
      "original": {
        "owner": "nix-community",
        "repo": "nixpkgs.lib",
        "type": "github"
      }
    },
    "omniflake": {
      "inputs": {
        "flake-compat": "flake-compat",
        "flake-parts": [
          "flake-parts"
        ],
        "flake-utils": "flake-utils",
        "nixpkgs": [
          "nixpkgs"
        ],
        "systems": "systems_2"
      },
      "locked": {
        "lastModified": 1789055938,
        "narHash": "sha256-KcyFNFlIiFHf2FhdU30wvaCQVXiP5bdtozEF/V+yU2w=",
        "owner": "fzakaria",
        "repo": "omniflake",
        "rev": "6445919effcc4d23d7430ad601e7cbff1331987e",
        "type": "github"
      },
      "original": {
        "owner": "fzakaria",
        "repo": "omniflake",
        "type": "github"
      }
    },
    "root": {
      "inputs": {
        "dcal": "dcal",
        "flake-parts": "flake-parts",
        "homebrew-cask": "homebrew-cask",
        "homebrew-core": "homebrew-core",
        "hs-paperwm": "hs-paperwm",
        "hs-spoons": "hs-spoons",
        "import-tree": "import-tree",
        "nixpkgs": "nixpkgs",
        "omniflake": "omniflake",
        "yazi-flavors": "yazi-flavors"
      }
    },
    "systems": {
      "locked": {
        "lastModified": 1681028828,
        "narHash": "sha256-Vy1rq5AaRuLzOxct8nz4T6wlgyUR7zLU309k9mBC768=",
        "owner": "nix-systems",
        "repo": "default",
        "rev": "da67096a3b9bf56a91d16901293e51ba5b49a27e",
        "type": "github"
      },
      "original": {
        "owner": "nix-systems",
        "repo": "default",
        "type": "github"
      }
    },
    "systems_2": {
      "locked": {
        "lastModified": 1681028828,
        "narHash": "sha256-Vy1rq5AaRuLzOxct8nz4T6wlgyUR7zLU309k9mBC768=",
        "owner": "nix-systems",
        "repo": "default",
        "rev": "da67096a3b9bf56a91d16901293e51ba5b49a27e",
        "type": "github"
      },
      "original": {
        "owner": "nix-systems",
        "repo": "default",
        "type": "github"
      }
    },
    "yazi-flavors": {
      "flake": false,
      "locked": {
        "lastModified": 1787401728,
        "narHash": "sha256-NGnfrQdsnQITKCZ0oh6DCxeCR2ozJoPAZetsi3ghHAI=",
        "owner": "yazi-rs",
        "repo": "flavors",
        "rev": "20b47bfd78880c2674899597fd26bc01b21ff48c",
        "type": "github"
      },
      "original": {
        "owner": "yazi-rs",
        "repo": "flavors",
        "type": "github"
      }
    }
  },
  "root": "root",
  "version": 7
}
